
Microsoft Visual Studio Solution File, Format Version 12.00
Project("{2150E333-8FDC-42A3-9474-1A3956D46DE8}") = "src", "src", "{DB4E06A2-5206-4863-8042-5D7B06E32141}"
EndProject
Project("{FAE04EC0-301F-11D3-BF4B-00C04F79EFBC}") = "DoAn.API", "src\DoAn.API\DoAn.API.csproj", "{2444DB6F-43E0-4014-B8A9-4378B1A0D2A5}"
EndProject
Project("{FAE04EC0-301F-11D3-BF4B-00C04F79EFBC}") = "DoAn.Application", "src\DoAn.Application\DoAn.Application.csproj", "{66DFC174-939E-46A9-B6D4-1174048C1AC9}"
EndProject
Project("{FAE04EC0-301F-11D3-BF4B-00C04F79EFBC}") = "DoAn.Domain", "src\DoAn.Domain\DoAn.Domain.csproj", "{3610004D-08BE-474B-80F3-60836588B56B}"
EndProject
Project("{FAE04EC0-301F-11D3-BF4B-00C04F79EFBC}") = "DoAn.Infrastructure", "src\DoAn.Infrastructure\DoAn.Infrastructure.csproj", "{7A459D1A-D23C-4A5B-9C0E-BFDFDBA25EFA}"
EndProject
Project("{FAE04EC0-301F-11D3-BF4B-00C04F79EFBC}") = "DoAn.Persistence", "src\DoAn.Persistence\DoAn.Persistence.csproj", "{B2879C54-6E9D-4EAF-8B7E-A6D547D980DC}"
EndProject
Project("{FAE04EC0-301F-11D3-BF4B-00C04F79EFBC}") = "DoAn.Shared", "src\DoAn.Shared\DoAn.Shared.csproj", "{2A1E243F-860A-4BA6-BFE6-205192C9D30B}"
EndProject
Project("{2150E333-8FDC-42A3-9474-1A3956D46DE8}") = "Core", "Core", "{F97AFB2F-EE67-43F2-AD95-401C9A93C1F2}"
EndProject
Project("{2150E333-8FDC-42A3-9474-1A3956D46DE8}") = "Infrastructure", "Infrastructure", "{3B2448EA-930F-48DB-B220-BC4682935A21}"
EndProject
Project("{2150E333-8FDC-42A3-9474-1A3956D46DE8}") = "Shared", "Shared", "{5C508C28-8612-4009-A8DF-53BCA5A46444}"
EndProject
Global
	GlobalSection(SolutionConfigurationPlatforms) = preSolution
		Debug|Any CPU = Debug|Any CPU
		Release|Any CPU = Release|Any CPU
	EndGlobalSection
	GlobalSection(NestedProjects) = preSolution
		{2444DB6F-43E0-4014-B8A9-4378B1A0D2A5} = {DB4E06A2-5206-4863-8042-5D7B06E32141}
		{F97AFB2F-EE67-43F2-AD95-401C9A93C1F2} = {DB4E06A2-5206-4863-8042-5D7B06E32141}
		{66DFC174-939E-46A9-B6D4-1174048C1AC9} = {F97AFB2F-EE67-43F2-AD95-401C9A93C1F2}
		{3610004D-08BE-474B-80F3-60836588B56B} = {F97AFB2F-EE67-43F2-AD95-401C9A93C1F2}
		{3B2448EA-930F-48DB-B220-BC4682935A21} = {DB4E06A2-5206-4863-8042-5D7B06E32141}
		{7A459D1A-D23C-4A5B-9C0E-BFDFDBA25EFA} = {3B2448EA-930F-48DB-B220-BC4682935A21}
		{B2879C54-6E9D-4EAF-8B7E-A6D547D980DC} = {3B2448EA-930F-48DB-B220-BC4682935A21}
		{5C508C28-8612-4009-A8DF-53BCA5A46444} = {DB4E06A2-5206-4863-8042-5D7B06E32141}
		{2A1E243F-860A-4BA6-BFE6-205192C9D30B} = {5C508C28-8612-4009-A8DF-53BCA5A46444}
	EndGlobalSection
	GlobalSection(ProjectConfigurationPlatforms) = postSolution
		{2444DB6F-43E0-4014-B8A9-4378B1A0D2A5}.Debug|Any CPU.ActiveCfg = Debug|Any CPU
		{2444DB6F-43E0-4014-B8A9-4378B1A0D2A5}.Debug|Any CPU.Build.0 = Debug|Any CPU
		{2444DB6F-43E0-4014-B8A9-4378B1A0D2A5}.Release|Any CPU.ActiveCfg = Release|Any CPU
		{2444DB6F-43E0-4014-B8A9-4378B1A0D2A5}.Release|Any CPU.Build.0 = Release|Any CPU
		{66DFC174-939E-46A9-B6D4-1174048C1AC9}.Debug|Any CPU.ActiveCfg = Debug|Any CPU
		{66DFC174-939E-46A9-B6D4-1174048C1AC9}.Debug|Any CPU.Build.0 = Debug|Any CPU
		{66DFC174-939E-46A9-B6D4-1174048C1AC9}.Release|Any CPU.ActiveCfg = Release|Any CPU
		{66DFC174-939E-46A9-B6D4-1174048C1AC9}.Release|Any CPU.Build.0 = Release|Any CPU
		{3610004D-08BE-474B-80F3-60836588B56B}.Debug|Any CPU.ActiveCfg = Debug|Any CPU
		{3610004D-08BE-474B-80F3-60836588B56B}.Debug|Any CPU.Build.0 = Debug|Any CPU
		{3610004D-08BE-474B-80F3-60836588B56B}.Release|Any CPU.ActiveCfg = Release|Any CPU
		{3610004D-08BE-474B-80F3-60836588B56B}.Release|Any CPU.Build.0 = Release|Any CPU
		{7A459D1A-D23C-4A5B-9C0E-BFDFDBA25EFA}.Debug|Any CPU.ActiveCfg = Debug|Any CPU
		{7A459D1A-D23C-4A5B-9C0E-BFDFDBA25EFA}.Debug|Any CPU.Build.0 = Debug|Any CPU
		{7A459D1A-D23C-4A5B-9C0E-BFDFDBA25EFA}.Release|Any CPU.ActiveCfg = Release|Any CPU
		{7A459D1A-D23C-4A5B-9C0E-BFDFDBA25EFA}.Release|Any CPU.Build.0 = Release|Any CPU
		{B2879C54-6E9D-4EAF-8B7E-A6D547D980DC}.Debug|Any CPU.ActiveCfg = Debug|Any CPU
		{B2879C54-6E9D-4EAF-8B7E-A6D547D980DC}.Debug|Any CPU.Build.0 = Debug|Any CPU
		{B2879C54-6E9D-4EAF-8B7E-A6D547D980DC}.Release|Any CPU.ActiveCfg = Release|Any CPU
		{B2879C54-6E9D-4EAF-8B7E-A6D547D980DC}.Release|Any CPU.Build.0 = Release|Any CPU
		{2A1E243F-860A-4BA6-BFE6-205192C9D30B}.Debug|Any CPU.ActiveCfg = Debug|Any CPU
		{2A1E243F-860A-4BA6-BFE6-205192C9D30B}.Debug|Any CPU.Build.0 = Debug|Any CPU
		{2A1E243F-860A-4BA6-BFE6-205192C9D30B}.Release|Any CPU.ActiveCfg = Release|Any CPU
		{2A1E243F-860A-4BA6-BFE6-205192C9D30B}.Release|Any CPU.Build.0 = Release|Any CPU
	EndGlobalSection
EndGlobal
